
Microsoft Visual Studio Solution File, Format Version 12.00
# Visual Studio Version 17
VisualStudioVersion = 17.1.31911.260
MinimumVisualStudioVersion = 10.0.40219.1
Project("{2150E333-8FDC-42A3-9474-1A3956D46DE8}") = "1 - Application", "1 - Application", "{25DF1762-7AFD-446E-863B-C52ADE95FF6C}"
EndProject
Project("{2150E333-8FDC-42A3-9474-1A3956D46DE8}") = "2 - Domain", "2 - Domain", "{105BF113-13EF-4674-8884-7E6D331B8985}"
EndProject
Project("{2150E333-8FDC-42A3-9474-1A3956D46DE8}") = "3 - Service", "3 - Service", "{1B2F8487-9A21-4EA4-AA93-C56783090B17}"
EndProject
Project("{2150E333-8FDC-42A3-9474-1A3956D46DE8}") = "5 - Infra", "5 - Infra", "{52F26077-1B54-4962-ABB4-D673645C5432}"
EndProject
Project("{2150E333-8FDC-42A3-9474-1A3956D46DE8}") = "6 - Tests", "6 - Tests", "{65A82AF0-CC7C-47B7-A680-DDA57941A23B}"
EndProject
Project("{2150E333-8FDC-42A3-9474-1A3956D46DE8}") = "[Snippets]", "[Snippets]", "{BF353BC2-6B8B-43CB-BB9A-22874587C5AF}"
	ProjectSection(SolutionItems) = preProject
		[Snippets]\contrClass.snippet = [Snippets]\contrClass.snippet
		[Snippets]\contrClassMtm.snippet = [Snippets]\contrClassMtm.snippet
		[Snippets]\repoClass.snippet = [Snippets]\repoClass.snippet
		[Snippets]\repoClassMtm.snippet = [Snippets]\repoClassMtm.snippet
		[Snippets]\repoInter.snippet = [Snippets]\repoInter.snippet
		[Snippets]\repoInterMtm.snippet = [Snippets]\repoInterMtm.snippet
		[Snippets]\seedConf.snippet = [Snippets]\seedConf.snippet
		[Snippets]\servClass.snippet = [Snippets]\servClass.snippet
		[Snippets]\servClassMtm.snippet = [Snippets]\servClassMtm.snippet
		[Snippets]\servInter.snippet = [Snippets]\servInter.snippet
		[Snippets]\servInterMtm.snippet = [Snippets]\servInterMtm.snippet
		[Snippets]\TestCRUD.snippet = [Snippets]\TestCRUD.snippet
		[Snippets]\valdAddClass.snippet = [Snippets]\valdAddClass.snippet
		[Snippets]\valdClass.snippet = [Snippets]\valdClass.snippet
		[Snippets]\valdGetClass.snippet = [Snippets]\valdGetClass.snippet
		[Snippets]\valdUpdateClass.snippet = [Snippets]\valdUpdateClass.snippet
	EndProjectSection
EndProject
Project("{2150E333-8FDC-42A3-9474-1A3956D46DE8}") = "[Docs]", "[Docs]", "{29CCAB16-A878-4F02-98AD-F8E1CCDA4C7E}"
EndProject
Project("{2150E333-8FDC-42A3-9474-1A3956D46DE8}") = "[Docker]", "[Docker]", "{A81D7808-73E3-4CF5-8CF4-7A0D6144CE05}"
	ProjectSection(SolutionItems) = preProject
		docker-aslave-care-api.sh = docker-aslave-care-api.sh
		docker-compose.yml = docker-compose.yml
		Dockerfile = Dockerfile
	EndProjectSection
EndProject
Project("{2150E333-8FDC-42A3-9474-1A3956D46DE8}") = "4 - Integration", "4 - Integration", "{4C5148BB-0CAD-49EC-9127-EE8227A9A60E}"
EndProject
Project("{FAE04EC0-301F-11D3-BF4B-00C04F79EFBC}") = "AslaveCare.Api", "AslaveCare.Api\AslaveCare.Api.csproj", "{EDCB1815-D109-8B75-4B08-EE7BE9850A8B}"
EndProject
Project("{FAE04EC0-301F-11D3-BF4B-00C04F79EFBC}") = "AslaveCare.Domain", "AslaveCare.Domain\AslaveCare.Domain.csproj", "{8BAC5FAB-14AE-0357-15F8-F5790B9D0DDC}"
EndProject
Project("{FAE04EC0-301F-11D3-BF4B-00C04F79EFBC}") = "AslaveCare.Service", "AslaveCare.Service\AslaveCare.Service.csproj", "{921BB8FF-B259-08E1-0ED0-A1BDC8890D7C}"
EndProject
Project("{FAE04EC0-301F-11D3-BF4B-00C04F79EFBC}") = "AslaveCare.Integration", "AslaveCare.Integration\AslaveCare.Integration.csproj", "{97E574FF-E7F6-DE51-E946-555385E8D6B8}"
EndProject
Project("{FAE04EC0-301F-11D3-BF4B-00C04F79EFBC}") = "AslaveCare.Infra.Data", "AslaveCare.Infra.Data\AslaveCare.Infra.Data.csproj", "{A2C84A4D-1F44-3B18-582F-DEC583142946}"
EndProject
Project("{FAE04EC0-301F-11D3-BF4B-00C04F79EFBC}") = "AslaveCare.Api.IntegrationTests", "AslaveCare.Api.IntegrationTests\AslaveCare.Api.IntegrationTests.csproj", "{D548EF23-AB89-A566-9A0D-D038D3FDCC5A}"
EndProject
Project("{FAE04EC0-301F-11D3-BF4B-00C04F79EFBC}") = "AslaveCare.Api.UnitTests", "AslaveCare.Api.UnitTests\AslaveCare.Api.UnitTests.csproj", "{DC876756-6E41-493D-D452-D9A1826CA3BB}"
EndProject
Global
	GlobalSection(SolutionConfigurationPlatforms) = preSolution
		Debug|Any CPU = Debug|Any CPU
		Migration|Any CPU = Migration|Any CPU
		Release|Any CPU = Release|Any CPU
	EndGlobalSection
	GlobalSection(ProjectConfigurationPlatforms) = postSolution
		{EDCB1815-D109-8B75-4B08-EE7BE9850A8B}.Debug|Any CPU.ActiveCfg = Debug|Any CPU
		{EDCB1815-D109-8B75-4B08-EE7BE9850A8B}.Debug|Any CPU.Build.0 = Debug|Any CPU
		{EDCB1815-D109-8B75-4B08-EE7BE9850A8B}.Migration|Any CPU.ActiveCfg = Migration|Any CPU
		{EDCB1815-D109-8B75-4B08-EE7BE9850A8B}.Migration|Any CPU.Build.0 = Migration|Any CPU
		{EDCB1815-D109-8B75-4B08-EE7BE9850A8B}.Release|Any CPU.ActiveCfg = Release|Any CPU
		{EDCB1815-D109-8B75-4B08-EE7BE9850A8B}.Release|Any CPU.Build.0 = Release|Any CPU
		{8BAC5FAB-14AE-0357-15F8-F5790B9D0DDC}.Debug|Any CPU.ActiveCfg = Debug|Any CPU
		{8BAC5FAB-14AE-0357-15F8-F5790B9D0DDC}.Debug|Any CPU.Build.0 = Debug|Any CPU
		{8BAC5FAB-14AE-0357-15F8-F5790B9D0DDC}.Migration|Any CPU.ActiveCfg = Production|Any CPU
		{8BAC5FAB-14AE-0357-15F8-F5790B9D0DDC}.Migration|Any CPU.Build.0 = Production|Any CPU
		{8BAC5FAB-14AE-0357-15F8-F5790B9D0DDC}.Release|Any CPU.ActiveCfg = Release|Any CPU
		{8BAC5FAB-14AE-0357-15F8-F5790B9D0DDC}.Release|Any CPU.Build.0 = Release|Any CPU
		{921BB8FF-B259-08E1-0ED0-A1BDC8890D7C}.Debug|Any CPU.ActiveCfg = Debug|Any CPU
		{921BB8FF-B259-08E1-0ED0-A1BDC8890D7C}.Debug|Any CPU.Build.0 = Debug|Any CPU
		{921BB8FF-B259-08E1-0ED0-A1BDC8890D7C}.Migration|Any CPU.ActiveCfg = Production|Any CPU
		{921BB8FF-B259-08E1-0ED0-A1BDC8890D7C}.Migration|Any CPU.Build.0 = Production|Any CPU
		{921BB8FF-B259-08E1-0ED0-A1BDC8890D7C}.Release|Any CPU.ActiveCfg = Release|Any CPU
		{921BB8FF-B259-08E1-0ED0-A1BDC8890D7C}.Release|Any CPU.Build.0 = Release|Any CPU
		{97E574FF-E7F6-DE51-E946-555385E8D6B8}.Debug|Any CPU.ActiveCfg = Debug|Any CPU
		{97E574FF-E7F6-DE51-E946-555385E8D6B8}.Debug|Any CPU.Build.0 = Debug|Any CPU
		{97E574FF-E7F6-DE51-E946-555385E8D6B8}.Migration|Any CPU.ActiveCfg = Debug|Any CPU
		{97E574FF-E7F6-DE51-E946-555385E8D6B8}.Migration|Any CPU.Build.0 = Debug|Any CPU
		{97E574FF-E7F6-DE51-E946-555385E8D6B8}.Release|Any CPU.ActiveCfg = Release|Any CPU
		{97E574FF-E7F6-DE51-E946-555385E8D6B8}.Release|Any CPU.Build.0 = Release|Any CPU
		{A2C84A4D-1F44-3B18-582F-DEC583142946}.Debug|Any CPU.ActiveCfg = Debug|Any CPU
		{A2C84A4D-1F44-3B18-582F-DEC583142946}.Debug|Any CPU.Build.0 = Debug|Any CPU
		{A2C84A4D-1F44-3B18-582F-DEC583142946}.Migration|Any CPU.ActiveCfg = Production|Any CPU
		{A2C84A4D-1F44-3B18-582F-DEC583142946}.Migration|Any CPU.Build.0 = Production|Any CPU
		{A2C84A4D-1F44-3B18-582F-DEC583142946}.Release|Any CPU.ActiveCfg = Release|Any CPU
		{A2C84A4D-1F44-3B18-582F-DEC583142946}.Release|Any CPU.Build.0 = Release|Any CPU
		{D548EF23-AB89-A566-9A0D-D038D3FDCC5A}.Debug|Any CPU.ActiveCfg = Debug|Any CPU
		{D548EF23-AB89-A566-9A0D-D038D3FDCC5A}.Debug|Any CPU.Build.0 = Debug|Any CPU
		{D548EF23-AB89-A566-9A0D-D038D3FDCC5A}.Migration|Any CPU.ActiveCfg = Migration|Any CPU
		{D548EF23-AB89-A566-9A0D-D038D3FDCC5A}.Migration|Any CPU.Build.0 = Migration|Any CPU
		{D548EF23-AB89-A566-9A0D-D038D3FDCC5A}.Release|Any CPU.ActiveCfg = Release|Any CPU
		{D548EF23-AB89-A566-9A0D-D038D3FDCC5A}.Release|Any CPU.Build.0 = Release|Any CPU
		{DC876756-6E41-493D-D452-D9A1826CA3BB}.Debug|Any CPU.ActiveCfg = Debug|Any CPU
		{DC876756-6E41-493D-D452-D9A1826CA3BB}.Debug|Any CPU.Build.0 = Debug|Any CPU
		{DC876756-6E41-493D-D452-D9A1826CA3BB}.Migration|Any CPU.ActiveCfg = Migration|Any CPU
		{DC876756-6E41-493D-D452-D9A1826CA3BB}.Migration|Any CPU.Build.0 = Migration|Any CPU
		{DC876756-6E41-493D-D452-D9A1826CA3BB}.Release|Any CPU.ActiveCfg = Release|Any CPU
		{DC876756-6E41-493D-D452-D9A1826CA3BB}.Release|Any CPU.Build.0 = Release|Any CPU
	EndGlobalSection
	GlobalSection(SolutionProperties) = preSolution
		HideSolutionNode = FALSE
	EndGlobalSection
	GlobalSection(NestedProjects) = preSolution
		{EDCB1815-D109-8B75-4B08-EE7BE9850A8B} = {25DF1762-7AFD-446E-863B-C52ADE95FF6C}
		{8BAC5FAB-14AE-0357-15F8-F5790B9D0DDC} = {105BF113-13EF-4674-8884-7E6D331B8985}
		{921BB8FF-B259-08E1-0ED0-A1BDC8890D7C} = {1B2F8487-9A21-4EA4-AA93-C56783090B17}
		{97E574FF-E7F6-DE51-E946-555385E8D6B8} = {4C5148BB-0CAD-49EC-9127-EE8227A9A60E}
		{A2C84A4D-1F44-3B18-582F-DEC583142946} = {52F26077-1B54-4962-ABB4-D673645C5432}
	EndGlobalSection
	GlobalSection(ExtensibilityGlobals) = postSolution
		SolutionGuid = {CC639E8D-A1FF-49B2-8CC9-ACCFCB93C69D}
	EndGlobalSection
	GlobalSection(MonoDevelopProperties) = preSolution
		Policies = $0
		$0.VersionControlPolicy = $1
	EndGlobalSection
EndGlobal
